# This file was autogenerated by Stack.
# You should not edit this file by hand.
# For more information, please see the documentation at:
#   https://docs.haskellstack.org/en/stable/lock_files

packages:
- completed:
    name: toysolver
    version: 0.7.0
    git: https://github.com/msakai/toysolver.git
    pantry-tree:
      size: 51236
      sha256: bcabb86ccf4173803c17b9eb96c78e4b5b8ccfeb45ecfcced6c42506357c8cc7
    commit: 7096038ece0a5f860a951567689ef9a03ac0355d
  original:
    git: https://github.com/msakai/toysolver.git
    commit: 7096038ece0a5f860a951567689ef9a03ac0355d
- completed:
    hackage: OptDir-0.0.4@sha256:7a59a4e225a1ea402b82377c9057cf258e45d9d7913b2edd010f7ae8b9e4f8af,861
    pantry-tree:
      size: 256
      sha256: 1acdb5033f2f1750e622fb4a2bf5f5de5eac9d3129a61c3b92bfed17f64d6607
  original:
    hackage: OptDir-0.0.4@sha256:7a59a4e225a1ea402b82377c9057cf258e45d9d7913b2edd010f7ae8b9e4f8af,861
- completed:
    hackage: bytestring-encoding-0.1.0.0@sha256:460b49779fbf0112e8e2f1753c1ed9131eb18827600c298f4d6bb51c4e8c1c0d,1727
    pantry-tree:
      size: 713
      sha256: d7eec4aa2c1ff4eed17a6ab6cec6bb4aa6faeff7a6a1ec5f829a23efc06b1778
  original:
    hackage: bytestring-encoding-0.1.0.0@sha256:460b49779fbf0112e8e2f1753c1ed9131eb18827600c298f4d6bb51c4e8c1c0d,1727
- completed:
    hackage: finite-field-0.9.0@sha256:b7c1cca33f3b1330247120aa54c802f4b9cbc35719148c7c3fac73c982ddf187,2125
    pantry-tree:
      size: 633
      sha256: 7401b20d0eb2d9de64926cf2f9ee34e4dc71ce88fd4358eb30dda7d0817dd539
  original:
    hackage: finite-field-0.9.0@sha256:b7c1cca33f3b1330247120aa54c802f4b9cbc35719148c7c3fac73c982ddf187,2125
- completed:
    hackage: pseudo-boolean-0.1.9.0@sha256:e61d22c24c293240d74fcdda25cf68422098fafbfee1c73d760ddc04fbf554da,2517
    pantry-tree:
      size: 2104
      sha256: 85b0766987e407b0fc66651cdb01a948062d25bb47d3313232894ccf3924ef19
  original:
    hackage: pseudo-boolean-0.1.9.0@sha256:e61d22c24c293240d74fcdda25cf68422098fafbfee1c73d760ddc04fbf554da,2517
- completed:
    hackage: queue-0.1.2@sha256:4efac395db09637ec7b667dc09b74ff80e0b83452088540e1d1b2ec262f4defa,1312
    pantry-tree:
      size: 413
      sha256: b5b7354ae3452e5ac12db165f0c625c67e02ab6206c8c7a5c2497403e671f70f
  original:
    hackage: queue-0.1.2@sha256:4efac395db09637ec7b667dc09b74ff80e0b83452088540e1d1b2ec262f4defa,1312
- completed:
    hackage: sign-0.4.4@sha256:128107e3839bb185f6a7b97e63de9829f503b7f2d953653d4e9f71dbb6635cfe,2088
    pantry-tree:
      size: 473
      sha256: 8dcc93631b70ef2d03e601fe1aab114038e0d9c03559b146acac6d04a4a6aa51
  original:
    hackage: sign-0.4.4@sha256:128107e3839bb185f6a7b97e63de9829f503b7f2d953653d4e9f71dbb6635cfe,2088
snapshots:
- completed:
    size: 532380
    url: https://raw.githubusercontent.com/commercialhaskell/stackage-snapshots/master/lts/16/16.yaml
    sha256: d6b004b095fe2a0b8b14fbc30014ee97e58843b9c9362ddb9244273dda62649e
  original: lts-16.16
